// !$*UTF8*$!
{
	archiveVersion = 1;
	classes = {
	};
	objectVersion = 45;
	objects = {

/* Begin PBXBuildFile section */
		1770DF4717DF497600000391 /* MediaPlayer.framework in Frameworks */ = {isa = PBXBuildFile; fileRef = 1770DF4617DF497600000391 /* MediaPlayer.framework */; };
		17D4116E1973E95F00CF6BC0 /* SystemConfiguration.framework in Frameworks */ = {isa = PBXBuildFile; fileRef = 17D4116D1973E95F00CF6BC0 /* SystemConfiguration.framework */; };
		17DD1618193F512600B73BEE /* liblua_ios.a in Frameworks */ = {isa = PBXBuildFile; fileRef = 17DD1617193F512600B73BEE /* liblua_ios.a */; };
		17FE6F3019810E9D00194FAE /* libmongodb_ios.a in Frameworks */ = {isa = PBXBuildFile; fileRef = 17FE6F2F19810E9D00194FAE /* libmongodb_ios.a */; };
		1D60589F0D05DD5A006BFB54 /* Foundation.framework in Frameworks */ = {isa = PBXBuildFile; fileRef = 1D30AB110D05D00D00671497 /* Foundation.framework */; };
		1DF5F4E00D08C38300B7A737 /* UIKit.framework in Frameworks */ = {isa = PBXBuildFile; fileRef = 1DF5F4DF0D08C38300B7A737 /* UIKit.framework */; };
		288765FD0DF74451002DB57D /* CoreGraphics.framework in Frameworks */ = {isa = PBXBuildFile; fileRef = 288765FC0DF74451002DB57D /* CoreGraphics.framework */; };
		496ABE8D179E6FEB00BCA6E9 /* AdSupport.framework in Frameworks */ = {isa = PBXBuildFile; fileRef = 496ABE8C179E6FEB00BCA6E9 /* AdSupport.framework */; settings = {ATTRIBUTES = (Weak, ); }; };
		49A0DB291796F8050000970C /* MessageUI.framework in Frameworks */ = {isa = PBXBuildFile; fileRef = 49A0DB281796F8050000970C /* MessageUI.framework */; };
		5CDC2530156CDED900742348 /* MainWindow-iPad.xib in Resources */ = {isa = PBXBuildFile; fileRef = 5CDC252F156CDED900742348 /* MainWindow-iPad.xib */; };
		5CDC2533156CE21000742348 /* libz.dylib in Frameworks */ = {isa = PBXBuildFile; fileRef = 5CDC2532156CE20F00742348 /* libz.dylib */; };
		74AF633D18852FE100070C35 /* Security.framework in Frameworks */ = {isa = PBXBuildFile; fileRef = 74AF633C18852FE100070C35 /* Security.framework */; };
		74BF981A1876B3A8001D4CFE /* GameController.framework in Frameworks */ = {isa = PBXBuildFile; fileRef = 74BF98191876B3A7001D4CFE /* GameController.framework */; };
		874B5A771A5E7C1E00A94F6F /* libRHI-Metal-iOS.a in Frameworks */ = {isa = PBXBuildFile; fileRef = 874B5A741A5E7BED00A94F6F /* libRHI-Metal-iOS.a */; };
		874B5A791A5E7ED900A94F6F /* Metal.framework in Frameworks */ = {isa = PBXBuildFile; fileRef = 874B5A781A5E7ED900A94F6F /* Metal.framework */; };
		875FBAD31A5BCA380092136F /* ios_gl.mm in Sources */ = {isa = PBXBuildFile; fileRef = 875FBAD21A5BCA380092136F /* ios_gl.mm */; };
		87D2FCBE1A84C09F00C09586 /* rhi_Manticore.cpp in Sources */ = {isa = PBXBuildFile; fileRef = 87D2FCBA1A84C09F00C09586 /* rhi_Manticore.cpp */; };
		87D2FCC81A88A0C400C09586 /* PreProcess.cpp in Sources */ = {isa = PBXBuildFile; fileRef = 87D2FCC21A88A0C400C09586 /* PreProcess.cpp */; };
		87D2FCCA1A88A0C400C09586 /* rhi_ShaderSource.cpp in Sources */ = {isa = PBXBuildFile; fileRef = 87D2FCC61A88A0C400C09586 /* rhi_ShaderSource.cpp */; };
		87F3800A1A5AA26A00085E07 /* rhi_ShaderCache.cpp in Sources */ = {isa = PBXBuildFile; fileRef = 87F380071A5AA26A00085E07 /* rhi_ShaderCache.cpp */; };
		87F3800B1A5AA26A00085E07 /* rhi_VertexLayout.cpp in Sources */ = {isa = PBXBuildFile; fileRef = 87F380091A5AA26A00085E07 /* rhi_VertexLayout.cpp */; };
		87F3801E1A5AA29A00085E07 /* _mcpp.cpp in Sources */ = {isa = PBXBuildFile; fileRef = 87F3800D1A5AA29A00085E07 /* _mcpp.cpp */; };
		87F3801F1A5AA29A00085E07 /* directive.cpp in Sources */ = {isa = PBXBuildFile; fileRef = 87F3800F1A5AA29A00085E07 /* directive.cpp */; };
		87F380201A5AA29A00085E07 /* eval.cpp in Sources */ = {isa = PBXBuildFile; fileRef = 87F380101A5AA29A00085E07 /* eval.cpp */; };
		87F380211A5AA29A00085E07 /* expand.cpp in Sources */ = {isa = PBXBuildFile; fileRef = 87F380111A5AA29A00085E07 /* expand.cpp */; };
		87F380221A5AA29A00085E07 /* mbchar.cpp in Sources */ = {isa = PBXBuildFile; fileRef = 87F380131A5AA29A00085E07 /* mbchar.cpp */; };
		87F380231A5AA29A00085E07 /* mcpp_main.cpp in Sources */ = {isa = PBXBuildFile; fileRef = 87F380151A5AA29A00085E07 /* mcpp_main.cpp */; };
		87F380241A5AA29A00085E07 /* mcpp-manual.html in Resources */ = {isa = PBXBuildFile; fileRef = 87F380171A5AA29A00085E07 /* mcpp-manual.html */; };
		87F380251A5AA29A00085E07 /* mcpp-porting.html in Resources */ = {isa = PBXBuildFile; fileRef = 87F380181A5AA29A00085E07 /* mcpp-porting.html */; };
		87F380261A5AA29A00085E07 /* preproc.cpp in Sources */ = {isa = PBXBuildFile; fileRef = 87F3801A1A5AA29A00085E07 /* preproc.cpp */; };
		87F380271A5AA29A00085E07 /* support.cpp in Sources */ = {isa = PBXBuildFile; fileRef = 87F3801B1A5AA29A00085E07 /* support.cpp */; };
		87F380281A5AA29A00085E07 /* system.cpp in Sources */ = {isa = PBXBuildFile; fileRef = 87F3801C1A5AA29A00085E07 /* system.cpp */; };
		87F380321A5AA6D800085E07 /* libfribidi_ios.a in Frameworks */ = {isa = PBXBuildFile; fileRef = 87F380311A5AA6D800085E07 /* libfribidi_ios.a */; };
		87FFBBC31A5A99C000907D79 /* libFramework.a in Frameworks */ = {isa = PBXBuildFile; fileRef = 87FFBBC01A5A99AF00907D79 /* libFramework.a */; };
		C12DE7A218E322B2002EEBB4 /* AssetsLibrary.framework in Frameworks */ = {isa = PBXBuildFile; fileRef = C12DE7A118E322B2002EEBB4 /* AssetsLibrary.framework */; };
		E878726319A210D9007AAA6B /* FrameworkMain.cpp in Sources */ = {isa = PBXBuildFile; fileRef = E878725919A210D9007AAA6B /* FrameworkMain.cpp */; };
		E878726419A210D9007AAA6B /* GameCore.cpp in Sources */ = {isa = PBXBuildFile; fileRef = E878725B19A210D9007AAA6B /* GameCore.cpp */; };
		FE76D9EF1163F2F0009E83B6 /* OpenGLES.framework in Frameworks */ = {isa = PBXBuildFile; fileRef = FE76D9ED1163F2F0009E83B6 /* OpenGLES.framework */; };
		FE76D9F71163F304009E83B6 /* AVFoundation.framework in Frameworks */ = {isa = PBXBuildFile; fileRef = FE76D9F51163F304009E83B6 /* AVFoundation.framework */; };
		FE76D9F81163F304009E83B6 /* CoreAudio.framework in Frameworks */ = {isa = PBXBuildFile; fileRef = FE76D9F61163F304009E83B6 /* CoreAudio.framework */; };
		FE76D9FF1163F316009E83B6 /* AudioToolbox.framework in Frameworks */ = {isa = PBXBuildFile; fileRef = FE76D9FE1163F316009E83B6 /* AudioToolbox.framework */; };
		FE76DA041163F32F009E83B6 /* QuartzCore.framework in Frameworks */ = {isa = PBXBuildFile; fileRef = FE76DA031163F32F009E83B6 /* QuartzCore.framework */; };
		FEC9200F13BA2D7D006F347F /* iPhoneProjectDelegate.mm in Sources */ = {isa = PBXBuildFile; fileRef = FEC9200C13BA2D7D006F347F /* iPhoneProjectDelegate.mm */; };
		FEC9201013BA2D7D006F347F /* main.mm in Sources */ = {isa = PBXBuildFile; fileRef = FEC9200D13BA2D7D006F347F /* main.mm */; };
		FEC9201113BA2D7D006F347F /* MainWindow.xib in Resources */ = {isa = PBXBuildFile; fileRef = FEC9200E13BA2D7D006F347F /* MainWindow.xib */; };
/* End PBXBuildFile section */

/* Begin PBXContainerItemProxy section */
		874B5A731A5E7BED00A94F6F /* PBXContainerItemProxy */ = {
			isa = PBXContainerItemProxy;
			containerPortal = 874B5A6E1A5E7BED00A94F6F /* RHI-Metal-iOS.xcodeproj */;
			proxyType = 2;
			remoteGlobalIDString = 879FC9EC1A4945460057D86C;
			remoteInfo = "RHI-Metal-iOS";
		};
		874B5A751A5E7C0B00A94F6F /* PBXContainerItemProxy */ = {
			isa = PBXContainerItemProxy;
			containerPortal = 874B5A6E1A5E7BED00A94F6F /* RHI-Metal-iOS.xcodeproj */;
			proxyType = 1;
			remoteGlobalIDString = 879FC9EB1A4945460057D86C;
			remoteInfo = "RHI-Metal-iOS";
		};
		875FBACF1A5ACED20092136F /* PBXContainerItemProxy */ = {
			isa = PBXContainerItemProxy;
			containerPortal = 87FFBBB91A5A99AE00907D79 /* Framework.xcodeproj */;
			proxyType = 1;
			remoteGlobalIDString = D2AAC07D0554694100DB518D;
			remoteInfo = Framework;
		};
		87CE38C51A5A86CE0014567D /* PBXContainerItemProxy */ = {
			isa = PBXContainerItemProxy;
			containerPortal = 87CE38C11A5A86CE0014567D /* RHI-GLES2-iOS.xcodeproj */;
			proxyType = 2;
			remoteGlobalIDString = 879FC9EC1A4945460057D86C;
			remoteInfo = "RHI-GLES2-iOS";
		};
		87FFBBBF1A5A99AF00907D79 /* PBXContainerItemProxy */ = {
			isa = PBXContainerItemProxy;
			containerPortal = 87FFBBB91A5A99AE00907D79 /* Framework.xcodeproj */;
			proxyType = 2;
			remoteGlobalIDString = D2AAC07E0554694100DB518D;
			remoteInfo = Framework;
		};
		87FFBBC11A5A99AF00907D79 /* PBXContainerItemProxy */ = {
			isa = PBXContainerItemProxy;
			containerPortal = 87FFBBB91A5A99AE00907D79 /* Framework.xcodeproj */;
			proxyType = 2;
			remoteGlobalIDString = 02FD820C1924997C007762C0;
			remoteInfo = FrameworkTesting;
		};
/* End PBXContainerItemProxy section */

/* Begin PBXFileReference section */
		1770DF4617DF497600000391 /* MediaPlayer.framework */ = {isa = PBXFileReference; lastKnownFileType = wrapper.framework; name = MediaPlayer.framework; path = System/Library/Frameworks/MediaPlayer.framework; sourceTree = SDKROOT; };
		17D4116D1973E95F00CF6BC0 /* SystemConfiguration.framework */ = {isa = PBXFileReference; lastKnownFileType = wrapper.framework; name = SystemConfiguration.framework; path = System/Library/Frameworks/SystemConfiguration.framework; sourceTree = SDKROOT; };
		17DD1617193F512600B73BEE /* liblua_ios.a */ = {isa = PBXFileReference; lastKnownFileType = archive.ar; name = liblua_ios.a; path = ../../Libs/libs/liblua_ios.a; sourceTree = "<group>"; };
		17FE6F2F19810E9D00194FAE /* libmongodb_ios.a */ = {isa = PBXFileReference; lastKnownFileType = archive.ar; name = libmongodb_ios.a; path = ../../Libs/libs/libmongodb_ios.a; sourceTree = "<group>"; };
		1D30AB110D05D00D00671497 /* Foundation.framework */ = {isa = PBXFileReference; lastKnownFileType = wrapper.framework; name = Foundation.framework; path = System/Library/Frameworks/Foundation.framework; sourceTree = SDKROOT; };
		1D6058910D05DD3D006BFB54 /* RHI-Cube.app */ = {isa = PBXFileReference; explicitFileType = wrapper.application; includeInIndex = 0; path = "RHI-Cube.app"; sourceTree = BUILT_PRODUCTS_DIR; };
		1DF5F4DF0D08C38300B7A737 /* UIKit.framework */ = {isa = PBXFileReference; lastKnownFileType = wrapper.framework; name = UIKit.framework; path = System/Library/Frameworks/UIKit.framework; sourceTree = SDKROOT; };
		288765FC0DF74451002DB57D /* CoreGraphics.framework */ = {isa = PBXFileReference; lastKnownFileType = wrapper.framework; name = CoreGraphics.framework; path = System/Library/Frameworks/CoreGraphics.framework; sourceTree = SDKROOT; };
		32CA4F630368D1EE00C91783 /* RHI-CubeiPhone_Prefix.pch */ = {isa = PBXFileReference; fileEncoding = 4; lastKnownFileType = sourcecode.c.h; path = "RHI-CubeiPhone_Prefix.pch"; sourceTree = "<group>"; };
		496ABE8C179E6FEB00BCA6E9 /* AdSupport.framework */ = {isa = PBXFileReference; lastKnownFileType = wrapper.framework; name = AdSupport.framework; path = System/Library/Frameworks/AdSupport.framework; sourceTree = SDKROOT; };
		49A0DB281796F8050000970C /* MessageUI.framework */ = {isa = PBXFileReference; lastKnownFileType = wrapper.framework; name = MessageUI.framework; path = System/Library/Frameworks/MessageUI.framework; sourceTree = SDKROOT; };
		5CDC252F156CDED900742348 /* MainWindow-iPad.xib */ = {isa = PBXFileReference; lastKnownFileType = file.xib; name = "MainWindow-iPad.xib"; path = "iOSSpecific/iPad/MainWindow-iPad.xib"; sourceTree = "<group>"; };
		5CDC2532156CE20F00742348 /* libz.dylib */ = {isa = PBXFileReference; lastKnownFileType = "compiled.mach-o.dylib"; name = libz.dylib; path = usr/lib/libz.dylib; sourceTree = SDKROOT; };
		74AF633C18852FE100070C35 /* Security.framework */ = {isa = PBXFileReference; lastKnownFileType = wrapper.framework; name = Security.framework; path = System/Library/Frameworks/Security.framework; sourceTree = SDKROOT; };
		74BF98191876B3A7001D4CFE /* GameController.framework */ = {isa = PBXFileReference; lastKnownFileType = wrapper.framework; name = GameController.framework; path = System/Library/Frameworks/GameController.framework; sourceTree = SDKROOT; };
		874B5A6E1A5E7BED00A94F6F /* RHI-Metal-iOS.xcodeproj */ = {isa = PBXFileReference; lastKnownFileType = "wrapper.pb-project"; name = "RHI-Metal-iOS.xcodeproj"; path = "RHI-Metal-iOS/RHI-Metal-iOS.xcodeproj"; sourceTree = "<group>"; };
		874B5A781A5E7ED900A94F6F /* Metal.framework */ = {isa = PBXFileReference; lastKnownFileType = wrapper.framework; name = Metal.framework; path = System/Library/Frameworks/Metal.framework; sourceTree = SDKROOT; };
		875FBAD11A5BCA380092136F /* ios_gl.h */ = {isa = PBXFileReference; fileEncoding = 4; lastKnownFileType = sourcecode.c.h; name = ios_gl.h; path = iOSSpecific/ios_gl.h; sourceTree = "<group>"; };
		875FBAD21A5BCA380092136F /* ios_gl.mm */ = {isa = PBXFileReference; fileEncoding = 4; lastKnownFileType = sourcecode.cpp.objcpp; name = ios_gl.mm; path = iOSSpecific/ios_gl.mm; sourceTree = "<group>"; };
		87CE38C11A5A86CE0014567D /* RHI-GLES2-iOS.xcodeproj */ = {isa = PBXFileReference; lastKnownFileType = "wrapper.pb-project"; name = "RHI-GLES2-iOS.xcodeproj"; path = "RHI-GLES2-iOS/RHI-GLES2-iOS.xcodeproj"; sourceTree = "<group>"; };
		87D2FCBA1A84C09F00C09586 /* rhi_Manticore.cpp */ = {isa = PBXFileReference; fileEncoding = 4; lastKnownFileType = sourcecode.cpp.cpp; name = rhi_Manticore.cpp; path = RHI/rhi_Manticore.cpp; sourceTree = "<group>"; };
		87D2FCC21A88A0C400C09586 /* PreProcess.cpp */ = {isa = PBXFileReference; fileEncoding = 4; lastKnownFileType = sourcecode.cpp.cpp; name = PreProcess.cpp; path = RHI/PreProcess.cpp; sourceTree = "<group>"; };
		87D2FCC31A88A0C400C09586 /* PreProcess.h */ = {isa = PBXFileReference; fileEncoding = 4; lastKnownFileType = sourcecode.c.h; name = PreProcess.h; path = RHI/PreProcess.h; sourceTree = "<group>"; };
		87D2FCC61A88A0C400C09586 /* rhi_ShaderSource.cpp */ = {isa = PBXFileReference; fileEncoding = 4; lastKnownFileType = sourcecode.cpp.cpp; name = rhi_ShaderSource.cpp; path = RHI/rhi_ShaderSource.cpp; sourceTree = "<group>"; };
		87D2FCC71A88A0C400C09586 /* rhi_ShaderSource.h */ = {isa = PBXFileReference; fileEncoding = 4; lastKnownFileType = sourcecode.c.h; name = rhi_ShaderSource.h; path = RHI/rhi_ShaderSource.h; sourceTree = "<group>"; };
		87F380021A5AA22E00085E07 /* rhi_Base.h */ = {isa = PBXFileReference; fileEncoding = 4; lastKnownFileType = sourcecode.c.h; path = rhi_Base.h; sourceTree = "<group>"; };
		87F380031A5AA22E00085E07 /* rhi_Type.h */ = {isa = PBXFileReference; fileEncoding = 4; lastKnownFileType = sourcecode.c.h; path = rhi_Type.h; sourceTree = "<group>"; };
		87F380051A5AA26A00085E07 /* rhi_Pool.h */ = {isa = PBXFileReference; fileEncoding = 4; lastKnownFileType = sourcecode.c.h; name = rhi_Pool.h; path = RHI/rhi_Pool.h; sourceTree = "<group>"; };
		87F380061A5AA26A00085E07 /* rhi_RingBuffer.h */ = {isa = PBXFileReference; fileEncoding = 4; lastKnownFileType = sourcecode.c.h; name = rhi_RingBuffer.h; path = RHI/rhi_RingBuffer.h; sourceTree = "<group>"; };
		87F380071A5AA26A00085E07 /* rhi_ShaderCache.cpp */ = {isa = PBXFileReference; fileEncoding = 4; lastKnownFileType = sourcecode.cpp.cpp; name = rhi_ShaderCache.cpp; path = RHI/rhi_ShaderCache.cpp; sourceTree = "<group>"; };
		87F380081A5AA26A00085E07 /* rhi_ShaderCache.h */ = {isa = PBXFileReference; fileEncoding = 4; lastKnownFileType = sourcecode.c.h; name = rhi_ShaderCache.h; path = RHI/rhi_ShaderCache.h; sourceTree = "<group>"; };
		87F380091A5AA26A00085E07 /* rhi_VertexLayout.cpp */ = {isa = PBXFileReference; fileEncoding = 4; lastKnownFileType = sourcecode.cpp.cpp; name = rhi_VertexLayout.cpp; path = RHI/rhi_VertexLayout.cpp; sourceTree = "<group>"; };
		87F3800D1A5AA29A00085E07 /* _mcpp.cpp */ = {isa = PBXFileReference; fileEncoding = 4; lastKnownFileType = sourcecode.cpp.cpp; name = _mcpp.cpp; path = MCPP/_mcpp.cpp; sourceTree = "<group>"; };
		87F3800E1A5AA29A00085E07 /* _mcpp.h */ = {isa = PBXFileReference; fileEncoding = 4; lastKnownFileType = sourcecode.c.h; name = _mcpp.h; path = MCPP/_mcpp.h; sourceTree = "<group>"; };
		87F3800F1A5AA29A00085E07 /* directive.cpp */ = {isa = PBXFileReference; fileEncoding = 4; lastKnownFileType = sourcecode.cpp.cpp; name = directive.cpp; path = MCPP/directive.cpp; sourceTree = "<group>"; };
		87F380101A5AA29A00085E07 /* eval.cpp */ = {isa = PBXFileReference; fileEncoding = 4; lastKnownFileType = sourcecode.cpp.cpp; name = eval.cpp; path = MCPP/eval.cpp; sourceTree = "<group>"; };
		87F380111A5AA29A00085E07 /* expand.cpp */ = {isa = PBXFileReference; fileEncoding = 4; lastKnownFileType = sourcecode.cpp.cpp; name = expand.cpp; path = MCPP/expand.cpp; sourceTree = "<group>"; };
		87F380121A5AA29A00085E07 /* internal.h */ = {isa = PBXFileReference; fileEncoding = 4; lastKnownFileType = sourcecode.c.h; name = internal.h; path = MCPP/internal.h; sourceTree = "<group>"; };
		87F380131A5AA29A00085E07 /* mbchar.cpp */ = {isa = PBXFileReference; fileEncoding = 4; lastKnownFileType = sourcecode.cpp.cpp; name = mbchar.cpp; path = MCPP/mbchar.cpp; sourceTree = "<group>"; };
		87F380141A5AA29A00085E07 /* mcpp_lib.h */ = {isa = PBXFileReference; fileEncoding = 4; lastKnownFileType = sourcecode.c.h; name = mcpp_lib.h; path = MCPP/mcpp_lib.h; sourceTree = "<group>"; };
		87F380151A5AA29A00085E07 /* mcpp_main.cpp */ = {isa = PBXFileReference; fileEncoding = 4; lastKnownFileType = sourcecode.cpp.cpp; name = mcpp_main.cpp; path = MCPP/mcpp_main.cpp; sourceTree = "<group>"; };
		87F380161A5AA29A00085E07 /* mcpp_out.h */ = {isa = PBXFileReference; fileEncoding = 4; lastKnownFileType = sourcecode.c.h; name = mcpp_out.h; path = MCPP/mcpp_out.h; sourceTree = "<group>"; };
		87F380171A5AA29A00085E07 /* mcpp-manual.html */ = {isa = PBXFileReference; fileEncoding = 4; lastKnownFileType = text.html; name = "mcpp-manual.html"; path = "MCPP/mcpp-manual.html"; sourceTree = "<group>"; };
		87F380181A5AA29A00085E07 /* mcpp-porting.html */ = {isa = PBXFileReference; fileEncoding = 4; lastKnownFileType = text.html; name = "mcpp-porting.html"; path = "MCPP/mcpp-porting.html"; sourceTree = "<group>"; };
		87F380191A5AA29A00085E07 /* noconfig.h */ = {isa = PBXFileReference; fileEncoding = 4; lastKnownFileType = sourcecode.c.h; name = noconfig.h; path = MCPP/noconfig.h; sourceTree = "<group>"; };
		87F3801A1A5AA29A00085E07 /* preproc.cpp */ = {isa = PBXFileReference; fileEncoding = 4; lastKnownFileType = sourcecode.cpp.cpp; name = preproc.cpp; path = MCPP/preproc.cpp; sourceTree = "<group>"; };
		87F3801B1A5AA29A00085E07 /* support.cpp */ = {isa = PBXFileReference; fileEncoding = 4; lastKnownFileType = sourcecode.cpp.cpp; name = support.cpp; path = MCPP/support.cpp; sourceTree = "<group>"; };
		87F3801C1A5AA29A00085E07 /* system.cpp */ = {isa = PBXFileReference; fileEncoding = 4; lastKnownFileType = sourcecode.cpp.cpp; name = system.cpp; path = MCPP/system.cpp; sourceTree = "<group>"; };
		87F3801D1A5AA29A00085E07 /* system.h */ = {isa = PBXFileReference; fileEncoding = 4; lastKnownFileType = sourcecode.c.h; name = system.h; path = MCPP/system.h; sourceTree = "<group>"; };
		87F380311A5AA6D800085E07 /* libfribidi_ios.a */ = {isa = PBXFileReference; lastKnownFileType = archive.ar; name = libfribidi_ios.a; path = ../../Libs/libs/libfribidi_ios.a; sourceTree = "<group>"; };
		87FFBBB91A5A99AE00907D79 /* Framework.xcodeproj */ = {isa = PBXFileReference; lastKnownFileType = "wrapper.pb-project"; name = Framework.xcodeproj; path = ../iPhoneFramework/Framework.xcodeproj; sourceTree = "<group>"; };
		8D1107310486CEB800E47090 /* RHI-CubeiPhone-Info.plist */ = {isa = PBXFileReference; fileEncoding = 4; lastKnownFileType = text.plist.xml; path = "RHI-CubeiPhone-Info.plist"; plistStructureDefinitionIdentifier = "com.apple.xcode.plist.structure-definition.iphone.info-plist"; sourceTree = "<group>"; };
		C12DE7A118E322B2002EEBB4 /* AssetsLibrary.framework */ = {isa = PBXFileReference; lastKnownFileType = wrapper.framework; name = AssetsLibrary.framework; path = System/Library/Frameworks/AssetsLibrary.framework; sourceTree = SDKROOT; };
		E80D2FB0164D518100C13D70 /* libbz2.dylib */ = {isa = PBXFileReference; lastKnownFileType = "compiled.mach-o.dylib"; name = libbz2.dylib; path = usr/lib/libbz2.dylib; sourceTree = SDKROOT; };
		E878725919A210D9007AAA6B /* FrameworkMain.cpp */ = {isa = PBXFileReference; fileEncoding = 4; lastKnownFileType = sourcecode.cpp.cpp; path = FrameworkMain.cpp; sourceTree = "<group>"; };
		E878725A19A210D9007AAA6B /* FrameworkMain.h */ = {isa = PBXFileReference; fileEncoding = 4; lastKnownFileType = sourcecode.c.h; path = FrameworkMain.h; sourceTree = "<group>"; };
		E878725B19A210D9007AAA6B /* GameCore.cpp */ = {isa = PBXFileReference; fileEncoding = 4; lastKnownFileType = sourcecode.cpp.cpp; path = GameCore.cpp; sourceTree = "<group>"; wrapsLines = 0; };
		E878725C19A210D9007AAA6B /* GameCore.h */ = {isa = PBXFileReference; fileEncoding = 4; lastKnownFileType = sourcecode.c.h; path = GameCore.h; sourceTree = "<group>"; };
		FE76D9EC1163F2F0009E83B6 /* OpenAL.framework */ = {isa = PBXFileReference; lastKnownFileType = wrapper.framework; name = OpenAL.framework; path = System/Library/Frameworks/OpenAL.framework; sourceTree = SDKROOT; };
		FE76D9ED1163F2F0009E83B6 /* OpenGLES.framework */ = {isa = PBXFileReference; lastKnownFileType = wrapper.framework; name = OpenGLES.framework; path = System/Library/Frameworks/OpenGLES.framework; sourceTree = SDKROOT; };
		FE76D9F51163F304009E83B6 /* AVFoundation.framework */ = {isa = PBXFileReference; lastKnownFileType = wrapper.framework; name = AVFoundation.framework; path = System/Library/Frameworks/AVFoundation.framework; sourceTree = SDKROOT; };
		FE76D9F61163F304009E83B6 /* CoreAudio.framework */ = {isa = PBXFileReference; lastKnownFileType = wrapper.framework; name = CoreAudio.framework; path = System/Library/Frameworks/CoreAudio.framework; sourceTree = SDKROOT; };
		FE76D9FE1163F316009E83B6 /* AudioToolbox.framework */ = {isa = PBXFileReference; lastKnownFileType = wrapper.framework; name = AudioToolbox.framework; path = System/Library/Frameworks/AudioToolbox.framework; sourceTree = SDKROOT; };
		FE76DA031163F32F009E83B6 /* QuartzCore.framework */ = {isa = PBXFileReference; lastKnownFileType = wrapper.framework; name = QuartzCore.framework; path = System/Library/Frameworks/QuartzCore.framework; sourceTree = SDKROOT; };
		FEC9200B13BA2D7D006F347F /* iPhoneProjectDelegate.h */ = {isa = PBXFileReference; fileEncoding = 4; lastKnownFileType = sourcecode.c.h; name = iPhoneProjectDelegate.h; path = iOSSpecific/iPhoneProjectDelegate.h; sourceTree = "<group>"; };
		FEC9200C13BA2D7D006F347F /* iPhoneProjectDelegate.mm */ = {isa = PBXFileReference; fileEncoding = 4; lastKnownFileType = sourcecode.cpp.objcpp; name = iPhoneProjectDelegate.mm; path = iOSSpecific/iPhoneProjectDelegate.mm; sourceTree = "<group>"; };
		FEC9200D13BA2D7D006F347F /* main.mm */ = {isa = PBXFileReference; fileEncoding = 4; lastKnownFileType = sourcecode.cpp.objcpp; name = main.mm; path = iOSSpecific/main.mm; sourceTree = "<group>"; };
		FEC9200E13BA2D7D006F347F /* MainWindow.xib */ = {isa = PBXFileReference; fileEncoding = 4; lastKnownFileType = file.xib; name = MainWindow.xib; path = iOSSpecific/MainWindow.xib; sourceTree = "<group>"; };
/* End PBXFileReference section */

/* Begin PBXFrameworksBuildPhase section */
		1D60588F0D05DD3D006BFB54 /* Frameworks */ = {
			isa = PBXFrameworksBuildPhase;
			buildActionMask = 2147483647;
			files = (
				874B5A791A5E7ED900A94F6F /* Metal.framework in Frameworks */,
				874B5A771A5E7C1E00A94F6F /* libRHI-Metal-iOS.a in Frameworks */,
				87FFBBC31A5A99C000907D79 /* libFramework.a in Frameworks */,
				87F380321A5AA6D800085E07 /* libfribidi_ios.a in Frameworks */,
				17FE6F3019810E9D00194FAE /* libmongodb_ios.a in Frameworks */,
				17DD1618193F512600B73BEE /* liblua_ios.a in Frameworks */,
				C12DE7A218E322B2002EEBB4 /* AssetsLibrary.framework in Frameworks */,
				74AF633D18852FE100070C35 /* Security.framework in Frameworks */,
				74BF981A1876B3A8001D4CFE /* GameController.framework in Frameworks */,
				1770DF4717DF497600000391 /* MediaPlayer.framework in Frameworks */,
				496ABE8D179E6FEB00BCA6E9 /* AdSupport.framework in Frameworks */,
				49A0DB291796F8050000970C /* MessageUI.framework in Frameworks */,
				5CDC2533156CE21000742348 /* libz.dylib in Frameworks */,
				1D60589F0D05DD5A006BFB54 /* Foundation.framework in Frameworks */,
				1DF5F4E00D08C38300B7A737 /* UIKit.framework in Frameworks */,
				288765FD0DF74451002DB57D /* CoreGraphics.framework in Frameworks */,
				FE76D9EF1163F2F0009E83B6 /* OpenGLES.framework in Frameworks */,
				FE76D9F71163F304009E83B6 /* AVFoundation.framework in Frameworks */,
				FE76D9F81163F304009E83B6 /* CoreAudio.framework in Frameworks */,
				FE76D9FF1163F316009E83B6 /* AudioToolbox.framework in Frameworks */,
				FE76DA041163F32F009E83B6 /* QuartzCore.framework in Frameworks */,
				17D4116E1973E95F00CF6BC0 /* SystemConfiguration.framework in Frameworks */,
			);
			runOnlyForDeploymentPostprocessing = 0;
		};
/* End PBXFrameworksBuildPhase section */

/* Begin PBXGroup section */
		080E96DDFE201D6D7F000001 /* Classes */ = {
			isa = PBXGroup;
			children = (
				E878725919A210D9007AAA6B /* FrameworkMain.cpp */,
				E878725A19A210D9007AAA6B /* FrameworkMain.h */,
				E878725B19A210D9007AAA6B /* GameCore.cpp */,
				E878725C19A210D9007AAA6B /* GameCore.h */,
			);
			path = Classes;
			sourceTree = "<group>";
		};
		19C28FACFE9D520D11CA2CBB /* Products */ = {
			isa = PBXGroup;
			children = (
				1D6058910D05DD3D006BFB54 /* RHI-Cube.app */,
			);
			name = Products;
			sourceTree = "<group>";
		};
		29B97314FDCFA39411CA2CEA /* CustomTemplate */ = {
			isa = PBXGroup;
			children = (
				080E96DDFE201D6D7F000001 /* Classes */,
				87F380041A5AA24C00085E07 /* RHI-impl */,
				87F380011A5AA21E00085E07 /* RHI-interface */,
				87F3800C1A5AA28200085E07 /* MCPP */,
				87FFBBB91A5A99AE00907D79 /* Framework.xcodeproj */,
				1770DF4617DF497600000391 /* MediaPlayer.framework */,
				E80D2FB0164D518100C13D70 /* libbz2.dylib */,
				5CDC2532156CE20F00742348 /* libz.dylib */,
				5CDC252E156CDED400742348 /* iPad */,
				29B97315FDCFA39411CA2CEA /* Other Sources */,
				29B97317FDCFA39411CA2CEA /* Platform Dependant */,
				29B97323FDCFA39411CA2CEA /* Frameworks */,
				19C28FACFE9D520D11CA2CBB /* Products */,
			);
			name = CustomTemplate;
			sourceTree = "<group>";
		};
		29B97315FDCFA39411CA2CEA /* Other Sources */ = {
			isa = PBXGroup;
			children = (
				32CA4F630368D1EE00C91783 /* RHI-CubeiPhone_Prefix.pch */,
			);
			name = "Other Sources";
			sourceTree = "<group>";
		};
		29B97317FDCFA39411CA2CEA /* Platform Dependant */ = {
			isa = PBXGroup;
			children = (
				875FBAD11A5BCA380092136F /* ios_gl.h */,
				875FBAD21A5BCA380092136F /* ios_gl.mm */,
				FEC9200B13BA2D7D006F347F /* iPhoneProjectDelegate.h */,
				FEC9200C13BA2D7D006F347F /* iPhoneProjectDelegate.mm */,
				FEC9200D13BA2D7D006F347F /* main.mm */,
				FEC9200E13BA2D7D006F347F /* MainWindow.xib */,
				8D1107310486CEB800E47090 /* RHI-CubeiPhone-Info.plist */,
			);
			name = "Platform Dependant";
			sourceTree = "<group>";
		};
		29B97323FDCFA39411CA2CEA /* Frameworks */ = {
			isa = PBXGroup;
			children = (
				874B5A781A5E7ED900A94F6F /* Metal.framework */,
				87F380311A5AA6D800085E07 /* libfribidi_ios.a */,
				874B5A6E1A5E7BED00A94F6F /* RHI-Metal-iOS.xcodeproj */,
				87CE38C11A5A86CE0014567D /* RHI-GLES2-iOS.xcodeproj */,
				17FE6F2F19810E9D00194FAE /* libmongodb_ios.a */,
				17D4116D1973E95F00CF6BC0 /* SystemConfiguration.framework */,
				17DD1617193F512600B73BEE /* liblua_ios.a */,
				C12DE7A118E322B2002EEBB4 /* AssetsLibrary.framework */,
				74AF633C18852FE100070C35 /* Security.framework */,
				74BF98191876B3A7001D4CFE /* GameController.framework */,
				496ABE8C179E6FEB00BCA6E9 /* AdSupport.framework */,
				49A0DB281796F8050000970C /* MessageUI.framework */,
				FE76DA031163F32F009E83B6 /* QuartzCore.framework */,
				FE76D9FE1163F316009E83B6 /* AudioToolbox.framework */,
				FE76D9F51163F304009E83B6 /* AVFoundation.framework */,
				FE76D9F61163F304009E83B6 /* CoreAudio.framework */,
				FE76D9EC1163F2F0009E83B6 /* OpenAL.framework */,
				FE76D9ED1163F2F0009E83B6 /* OpenGLES.framework */,
				1DF5F4DF0D08C38300B7A737 /* UIKit.framework */,
				1D30AB110D05D00D00671497 /* Foundation.framework */,
				288765FC0DF74451002DB57D /* CoreGraphics.framework */,
			);
			name = Frameworks;
			sourceTree = "<group>";
		};
		5CDC252E156CDED400742348 /* iPad */ = {
			isa = PBXGroup;
			children = (
				5CDC252F156CDED900742348 /* MainWindow-iPad.xib */,
			);
			name = iPad;
			sourceTree = "<group>";
		};
		874B5A6F1A5E7BED00A94F6F /* Products */ = {
			isa = PBXGroup;
			children = (
				874B5A741A5E7BED00A94F6F /* libRHI-Metal-iOS.a */,
			);
			name = Products;
			sourceTree = "<group>";
		};
		87CE38C21A5A86CE0014567D /* Products */ = {
			isa = PBXGroup;
			children = (
				87CE38C61A5A86CE0014567D /* libRHI-GLES2-iOS.a */,
			);
			name = Products;
			sourceTree = "<group>";
		};
		87F380011A5AA21E00085E07 /* RHI-interface */ = {
			isa = PBXGroup;
			children = (
				87F380021A5AA22E00085E07 /* rhi_Base.h */,
				87F380031A5AA22E00085E07 /* rhi_Type.h */,
			);
			name = "RHI-interface";
			sourceTree = "<group>";
		};
		87F380041A5AA24C00085E07 /* RHI-impl */ = {
			isa = PBXGroup;
			children = (
				87D2FCC21A88A0C400C09586 /* PreProcess.cpp */,
				87D2FCC31A88A0C400C09586 /* PreProcess.h */,
				87D2FCC61A88A0C400C09586 /* rhi_ShaderSource.cpp */,
				87D2FCC71A88A0C400C09586 /* rhi_ShaderSource.h */,
				87D2FCBA1A84C09F00C09586 /* rhi_Manticore.cpp */,
				87F380051A5AA26A00085E07 /* rhi_Pool.h */,
				87F380061A5AA26A00085E07 /* rhi_RingBuffer.h */,
				87F380071A5AA26A00085E07 /* rhi_ShaderCache.cpp */,
				87F380081A5AA26A00085E07 /* rhi_ShaderCache.h */,
				87F380091A5AA26A00085E07 /* rhi_VertexLayout.cpp */,
			);
			name = "RHI-impl";
			sourceTree = "<group>";
		};
		87F3800C1A5AA28200085E07 /* MCPP */ = {
			isa = PBXGroup;
			children = (
				87F3800D1A5AA29A00085E07 /* _mcpp.cpp */,
				87F3800E1A5AA29A00085E07 /* _mcpp.h */,
				87F3800F1A5AA29A00085E07 /* directive.cpp */,
				87F380101A5AA29A00085E07 /* eval.cpp */,
				87F380111A5AA29A00085E07 /* expand.cpp */,
				87F380121A5AA29A00085E07 /* internal.h */,
				87F380131A5AA29A00085E07 /* mbchar.cpp */,
				87F380141A5AA29A00085E07 /* mcpp_lib.h */,
				87F380151A5AA29A00085E07 /* mcpp_main.cpp */,
				87F380161A5AA29A00085E07 /* mcpp_out.h */,
				87F380171A5AA29A00085E07 /* mcpp-manual.html */,
				87F380181A5AA29A00085E07 /* mcpp-porting.html */,
				87F380191A5AA29A00085E07 /* noconfig.h */,
				87F3801A1A5AA29A00085E07 /* preproc.cpp */,
				87F3801B1A5AA29A00085E07 /* support.cpp */,
				87F3801C1A5AA29A00085E07 /* system.cpp */,
				87F3801D1A5AA29A00085E07 /* system.h */,
			);
			name = MCPP;
			sourceTree = "<group>";
		};
		87FFBBBA1A5A99AE00907D79 /* Products */ = {
			isa = PBXGroup;
			children = (
				87FFBBC01A5A99AF00907D79 /* libFramework.a */,
				87FFBBC21A5A99AF00907D79 /* libFrameworkTesting.a */,
			);
			name = Products;
			sourceTree = "<group>";
		};
/* End PBXGroup section */

/* Begin PBXNativeTarget section */
		1D6058900D05DD3D006BFB54 /* RHI-Cube */ = {
			isa = PBXNativeTarget;
			buildConfigurationList = 1D6058960D05DD3E006BFB54 /* Build configuration list for PBXNativeTarget "RHI-Cube" */;
			buildPhases = (
				1D60588D0D05DD3D006BFB54 /* Resources */,
				1D60588E0D05DD3D006BFB54 /* Sources */,
				1D60588F0D05DD3D006BFB54 /* Frameworks */,
				FE54E9C113A0BE1300912810 /* ShellScript */,
			);
			buildRules = (
			);
			dependencies = (
				874B5A761A5E7C0B00A94F6F /* PBXTargetDependency */,
				875FBAD01A5ACED20092136F /* PBXTargetDependency */,
			);
			name = "RHI-Cube";
			productName = TemplateProjectiPhone;
			productReference = 1D6058910D05DD3D006BFB54 /* RHI-Cube.app */;
			productType = "com.apple.product-type.application";
		};
/* End PBXNativeTarget section */

/* Begin PBXProject section */
		29B97313FDCFA39411CA2CEA /* Project object */ = {
			isa = PBXProject;
			attributes = {
				TargetAttributes = {
					1D6058900D05DD3D006BFB54 = {
						DevelopmentTeam = XC9DK9T39T;
						SystemCapabilities = {
							com.apple.GameCenter = {
								enabled = 0;
							};
						};
					};
				};
			};
			buildConfigurationList = C01FCF4E08A954540054247B /* Build configuration list for PBXProject "RHI-CubeiPhone" */;
			compatibilityVersion = "Xcode 3.1";
			developmentRegion = English;
			hasScannedForEncodings = 1;
			knownRegions = (
				English,
				Japanese,
				French,
				German,
			);
			mainGroup = 29B97314FDCFA39411CA2CEA /* CustomTemplate */;
			projectDirPath = "";
			projectReferences = (
				{
					ProductGroup = 87FFBBBA1A5A99AE00907D79 /* Products */;
					ProjectRef = 87FFBBB91A5A99AE00907D79 /* Framework.xcodeproj */;
				},
				{
					ProductGroup = 87CE38C21A5A86CE0014567D /* Products */;
					ProjectRef = 87CE38C11A5A86CE0014567D /* RHI-GLES2-iOS.xcodeproj */;
				},
				{
					ProductGroup = 874B5A6F1A5E7BED00A94F6F /* Products */;
					ProjectRef = 874B5A6E1A5E7BED00A94F6F /* RHI-Metal-iOS.xcodeproj */;
				},
			);
			projectRoot = "";
			targets = (
				1D6058900D05DD3D006BFB54 /* RHI-Cube */,
			);
		};
/* End PBXProject section */

/* Begin PBXReferenceProxy section */
		874B5A741A5E7BED00A94F6F /* libRHI-Metal-iOS.a */ = {
			isa = PBXReferenceProxy;
			fileType = archive.ar;
			path = "libRHI-Metal-iOS.a";
			remoteRef = 874B5A731A5E7BED00A94F6F /* PBXContainerItemProxy */;
			sourceTree = BUILT_PRODUCTS_DIR;
		};
		87CE38C61A5A86CE0014567D /* libRHI-GLES2-iOS.a */ = {
			isa = PBXReferenceProxy;
			fileType = archive.ar;
			path = "libRHI-GLES2-iOS.a";
			remoteRef = 87CE38C51A5A86CE0014567D /* PBXContainerItemProxy */;
			sourceTree = BUILT_PRODUCTS_DIR;
		};
		87FFBBC01A5A99AF00907D79 /* libFramework.a */ = {
			isa = PBXReferenceProxy;
			fileType = archive.ar;
			path = libFramework.a;
			remoteRef = 87FFBBBF1A5A99AF00907D79 /* PBXContainerItemProxy */;
			sourceTree = BUILT_PRODUCTS_DIR;
		};
		87FFBBC21A5A99AF00907D79 /* libFrameworkTesting.a */ = {
			isa = PBXReferenceProxy;
			fileType = archive.ar;
			path = libFrameworkTesting.a;
			remoteRef = 87FFBBC11A5A99AF00907D79 /* PBXContainerItemProxy */;
			sourceTree = BUILT_PRODUCTS_DIR;
		};
/* End PBXReferenceProxy section */

/* Begin PBXResourcesBuildPhase section */
		1D60588D0D05DD3D006BFB54 /* Resources */ = {
			isa = PBXResourcesBuildPhase;
			buildActionMask = 2147483647;
			files = (
				87F380251A5AA29A00085E07 /* mcpp-porting.html in Resources */,
				FEC9201113BA2D7D006F347F /* MainWindow.xib in Resources */,
				87F380241A5AA29A00085E07 /* mcpp-manual.html in Resources */,
				5CDC2530156CDED900742348 /* MainWindow-iPad.xib in Resources */,
			);
			runOnlyForDeploymentPostprocessing = 0;
		};
/* End PBXResourcesBuildPhase section */

/* Begin PBXShellScriptBuildPhase section */
		FE54E9C113A0BE1300912810 /* ShellScript */ = {
			isa = PBXShellScriptBuildPhase;
			buildActionMask = 2147483647;
			files = (
			);
			inputPaths = (
			);
			outputPaths = (
			);
			runOnlyForDeploymentPostprocessing = 0;
			shellPath = /bin/sh;
			shellScript = "touch -cm ${SRCROOT}/Data/\ntouch -cm ${SRCROOT}/Data/Gfx/\ntouch -cm ${SRCROOT}/Data/Configs/\ntouch -cm ${SRCROOT}/Data/Scenes/\ntouch -cm ${SRCROOT}/Data/Audio/";
		};
/* End PBXShellScriptBuildPhase section */

/* Begin PBXSourcesBuildPhase section */
		1D60588E0D05DD3D006BFB54 /* Sources */ = {
			isa = PBXSourcesBuildPhase;
			buildActionMask = 2147483647;
			files = (
				87F380261A5AA29A00085E07 /* preproc.cpp in Sources */,
				87F3801E1A5AA29A00085E07 /* _mcpp.cpp in Sources */,
				87D2FCBE1A84C09F00C09586 /* rhi_Manticore.cpp in Sources */,
				87D2FCC81A88A0C400C09586 /* PreProcess.cpp in Sources */,
				87F380211A5AA29A00085E07 /* expand.cpp in Sources */,
				87F380271A5AA29A00085E07 /* support.cpp in Sources */,
				87F3800A1A5AA26A00085E07 /* rhi_ShaderCache.cpp in Sources */,
				87F380201A5AA29A00085E07 /* eval.cpp in Sources */,
				E878726319A210D9007AAA6B /* FrameworkMain.cpp in Sources */,
				87F380221A5AA29A00085E07 /* mbchar.cpp in Sources */,
				FEC9200F13BA2D7D006F347F /* iPhoneProjectDelegate.mm in Sources */,
				87D2FCCA1A88A0C400C09586 /* rhi_ShaderSource.cpp in Sources */,
				FEC9201013BA2D7D006F347F /* main.mm in Sources */,
				87F3801F1A5AA29A00085E07 /* directive.cpp in Sources */,
				87F380281A5AA29A00085E07 /* system.cpp in Sources */,
				E878726419A210D9007AAA6B /* GameCore.cpp in Sources */,
				87F380231A5AA29A00085E07 /* mcpp_main.cpp in Sources */,
				875FBAD31A5BCA380092136F /* ios_gl.mm in Sources */,
				87F3800B1A5AA26A00085E07 /* rhi_VertexLayout.cpp in Sources */,
			);
			runOnlyForDeploymentPostprocessing = 0;
		};
/* End PBXSourcesBuildPhase section */

/* Begin PBXTargetDependency section */
		874B5A761A5E7C0B00A94F6F /* PBXTargetDependency */ = {
			isa = PBXTargetDependency;
			name = "RHI-Metal-iOS";
			targetProxy = 874B5A751A5E7C0B00A94F6F /* PBXContainerItemProxy */;
		};
		875FBAD01A5ACED20092136F /* PBXTargetDependency */ = {
			isa = PBXTargetDependency;
			name = Framework;
			targetProxy = 875FBACF1A5ACED20092136F /* PBXContainerItemProxy */;
		};
/* End PBXTargetDependency section */

/* Begin XCBuildConfiguration section */
		1D6058940D05DD3E006BFB54 /* Debug */ = {
			isa = XCBuildConfiguration;
			buildSettings = {
				ALWAYS_SEARCH_USER_PATHS = NO;
				ARCHS = "$(ARCHS_STANDARD)";
				CLANG_CXX_LANGUAGE_STANDARD = "c++0x";
				CLANG_CXX_LIBRARY = "libc++";
				CODE_SIGN_IDENTITY = "iPhone Developer";
				"CODE_SIGN_IDENTITY[sdk=iphoneos*]" = "iPhone Developer";
				GCC_DYNAMIC_NO_PIC = NO;
				GCC_OPTIMIZATION_LEVEL = 0;
				GCC_PRECOMPILE_PREFIX_HEADER = YES;
				GCC_PREFIX_HEADER = "RHI-CubeiPhone_Prefix.pch";
				GCC_PREPROCESSOR_DEFINITIONS = (
					DAVA_DEBUG,
					__DAVAENGINE_IPHONE__,
				);
				HEADER_SEARCH_PATHS = (
					./../../Sources/Internal,
					./../../Sources/External,
					./../../Libs/include,
				);
				INFOPLIST_FILE = "RHI-CubeiPhone-Info.plist";
				IPHONEOS_DEPLOYMENT_TARGET = 8.1;
				LIBRARY_SEARCH_PATHS = (
					"$(inherited)",
					/Users/a_podverbnyy/code/dava.framework/Libs/libs,
				);
				ONLY_ACTIVE_ARCH = NO;
				OTHER_CFLAGS = "-mno-thumb";
				OTHER_CPLUSPLUSFLAGS = (
					"-mno-thumb",
					"$(OTHER_CFLAGS)",
				);
				PRODUCT_NAME = "RHI-Cube";
				PROVISIONING_PROFILE = "";
				VALID_ARCHS = armv7;
			};
			name = Debug;
		};
		1D6058950D05DD3E006BFB54 /* Release */ = {
			isa = XCBuildConfiguration;
			buildSettings = {
				ALWAYS_SEARCH_USER_PATHS = NO;
				ARCHS = "$(ARCHS_STANDARD)";
				CLANG_CXX_LANGUAGE_STANDARD = "c++0x";
				CLANG_CXX_LIBRARY = "libc++";
				CODE_SIGN_IDENTITY = "iPhone Developer";
				"CODE_SIGN_IDENTITY[sdk=iphoneos*]" = "iPhone Developer";
				GCC_PRECOMPILE_PREFIX_HEADER = YES;
				GCC_PREFIX_HEADER = "RHI-CubeiPhone_Prefix.pch";
				HEADER_SEARCH_PATHS = (
					./../../Sources/Internal,
					./../../Sources/External,
					./../../Libs/include,
				);
				INFOPLIST_FILE = "RHI-CubeiPhone-Info.plist";
				IPHONEOS_DEPLOYMENT_TARGET = 8.1;
				LIBRARY_SEARCH_PATHS = (
					"$(inherited)",
					/Users/a_podverbnyy/code/dava.framework/Libs/libs,
				);
				ONLY_ACTIVE_ARCH = NO;
				OTHER_CFLAGS = "-mno-thumb";
				OTHER_CPLUSPLUSFLAGS = (
					"-mno-thumb",
					"$(OTHER_CFLAGS)",
				);
				PRODUCT_NAME = "RHI-Cube";
				PROVISIONING_PROFILE = "";
				VALID_ARCHS = armv7;
			};
			name = Release;
		};
		5CDC2528156CDD5F00742348 /* AdHoc */ = {
			isa = XCBuildConfiguration;
			buildSettings = {
				ARCHS = "$(ARCHS_STANDARD)";
				"CODE_SIGN_ENTITLEMENTS[sdk=*]" = Entitlements.plist;
				CODE_SIGN_IDENTITY = "iPhone Developer";
				GCC_C_LANGUAGE_STANDARD = c99;
				GCC_OPTIMIZATION_LEVEL = s;
				GCC_THUMB_SUPPORT = NO;
				GCC_WARN_ABOUT_RETURN_TYPE = YES;
				GCC_WARN_UNUSED_VARIABLE = YES;
				HEADER_SEARCH_PATHS = (
					./../../Sources/Internal,
					./../../Sources/External,
					./../../Libs/include,
				);
				IPHONEOS_DEPLOYMENT_TARGET = 5.1.1;
				LIBRARY_SEARCH_PATHS = ./../../Libs/libs;
				ONLY_ACTIVE_ARCH = NO;
				OTHER_LDFLAGS = "-ObjC";
				PREBINDING = NO;
				PROVISIONING_PROFILE = "";
				SDKROOT = iphoneos;
				SUPPORTED_PLATFORMS = iphoneos;
				TARGETED_DEVICE_FAMILY = "1,2";
				VALID_ARCHS = "armv7 armv7s";
			};
			name = AdHoc;
		};
		5CDC2529156CDD5F00742348 /* AdHoc */ = {
			isa = XCBuildConfiguration;
			buildSettings = {
				ALWAYS_SEARCH_USER_PATHS = NO;
				ARCHS = "$(ARCHS_STANDARD)";
				CLANG_CXX_LANGUAGE_STANDARD = "c++0x";
				CLANG_CXX_LIBRARY = "libc++";
				CODE_SIGN_IDENTITY = "iPhone Developer";
				"CODE_SIGN_IDENTITY[sdk=iphoneos*]" = "iPhone Developer";
				GCC_PRECOMPILE_PREFIX_HEADER = YES;
				GCC_PREFIX_HEADER = "RHI-CubeiPhone_Prefix.pch";
				HEADER_SEARCH_PATHS = (
					./../../Sources/Internal,
					./../../Sources/External,
					./../../Libs/include,
				);
				INFOPLIST_FILE = "RHI-CubeiPhone-Info.plist";
				IPHONEOS_DEPLOYMENT_TARGET = 8.1;
				LIBRARY_SEARCH_PATHS = (
					"$(inherited)",
					/Users/a_podverbnyy/code/dava.framework/Libs/libs,
				);
				ONLY_ACTIVE_ARCH = NO;
				OTHER_CFLAGS = "-mno-thumb";
				OTHER_CPLUSPLUSFLAGS = (
					"-mno-thumb",
					"$(OTHER_CFLAGS)",
				);
				PRODUCT_NAME = "RHI-Cube";
				PROVISIONING_PROFILE = "";
				VALID_ARCHS = armv7;
			};
			name = AdHoc;
		};
		C01FCF4F08A954540054247B /* Debug */ = {
			isa = XCBuildConfiguration;
			buildSettings = {
				ARCHS = "$(ARCHS_STANDARD)";
				CODE_SIGN_IDENTITY = "iPhone Developer";
				COPY_PHASE_STRIP = NO;
				GCC_C_LANGUAGE_STANDARD = c99;
				GCC_PREPROCESSOR_DEFINITIONS = DAVA_DEBUG;
				GCC_THUMB_SUPPORT = NO;
				GCC_WARN_ABOUT_RETURN_TYPE = YES;
				GCC_WARN_UNUSED_VARIABLE = YES;
				HEADER_SEARCH_PATHS = (
					./../../Sources/Internal,
					./../../Sources/External,
					./../../Libs/include,
				);
				IPHONEOS_DEPLOYMENT_TARGET = 5.1.1;
				LIBRARY_SEARCH_PATHS = ./../../Libs/libs;
				ONLY_ACTIVE_ARCH = NO;
				OTHER_LDFLAGS = "-ObjC";
				PREBINDING = NO;
				PROVISIONING_PROFILE = "";
				SDKROOT = iphoneos;
				SUPPORTED_PLATFORMS = iphoneos;
				TARGETED_DEVICE_FAMILY = "1,2";
				VALID_ARCHS = "armv7 armv7s";
			};
			name = Debug;
		};
		C01FCF5008A954540054247B /* Release */ = {
			isa = XCBuildConfiguration;
			buildSettings = {
				ARCHS = "$(ARCHS_STANDARD)";
				CODE_SIGN_IDENTITY = "iPhone Developer";
				GCC_C_LANGUAGE_STANDARD = c99;
				GCC_OPTIMIZATION_LEVEL = s;
				GCC_THUMB_SUPPORT = NO;
				GCC_WARN_ABOUT_RETURN_TYPE = YES;
				GCC_WARN_UNUSED_VARIABLE = YES;
				HEADER_SEARCH_PATHS = (
					./../../Sources/Internal,
					./../../Sources/External,
					./../../Libs/include,
				);
				IPHONEOS_DEPLOYMENT_TARGET = 5.1.1;
				LIBRARY_SEARCH_PATHS = ./../../Libs/libs;
				ONLY_ACTIVE_ARCH = NO;
				OTHER_LDFLAGS = "-ObjC";
				PREBINDING = NO;
				PROVISIONING_PROFILE = "";
				SDKROOT = iphoneos;
				SUPPORTED_PLATFORMS = iphoneos;
				TARGETED_DEVICE_FAMILY = "1,2";
				VALID_ARCHS = "armv7 armv7s";
			};
			name = Release;
		};
/* End XCBuildConfiguration section */

/* Begin XCConfigurationList section */
		1D6058960D05DD3E006BFB54 /* Build configuration list for PBXNativeTarget "RHI-Cube" */ = {
			isa = XCConfigurationList;
			buildConfigurations = (
				1D6058940D05DD3E006BFB54 /* Debug */,
				1D6058950D05DD3E006BFB54 /* Release */,
				5CDC2529156CDD5F00742348 /* AdHoc */,
			);
			defaultConfigurationIsVisible = 0;
			defaultConfigurationName = Release;
		};
		C01FCF4E08A954540054247B /* Build configuration list for PBXProject "RHI-CubeiPhone" */ = {
			isa = XCConfigurationList;
			buildConfigurations = (
				C01FCF4F08A954540054247B /* Debug */,
				C01FCF5008A954540054247B /* Release */,
				5CDC2528156CDD5F00742348 /* AdHoc */,
			);
			defaultConfigurationIsVisible = 0;
			defaultConfigurationName = Release;
		};
/* End XCConfigurationList section */
	};
	rootObject = 29B97313FDCFA39411CA2CEA /* Project object */;
}
